
Microsoft Visual Studio Solution File, Format Version 12.00
# Visual Studio Version 17
VisualStudioVersion = 17.4.33122.133
MinimumVisualStudioVersion = 10.0.40219.1
Project("{FAE04EC0-301F-11D3-BF4B-00C04F79EFBC}") = "MvcPruebExamenCripto", "MvcPruebExamenCripto\MvcPruebExamenCripto.csproj", "{286E2450-EC44-4F88-8B28-D2E06158D1AF}"
EndProject
Global
	GlobalSection(SolutionConfigurationPlatforms) = preSolution
		Debug|Any CPU = Debug|Any CPU
		Release|Any CPU = Release|Any CPU
	EndGlobalSection
	GlobalSection(ProjectConfigurationPlatforms) = postSolution
		{286E2450-EC44-4F88-8B28-D2E06158D1AF}.Debug|Any CPU.ActiveCfg = Debug|Any CPU
		{286E2450-EC44-4F88-8B28-D2E06158D1AF}.Debug|Any CPU.Build.0 = Debug|Any CPU
		{286E2450-EC44-4F88-8B28-D2E06158D1AF}.Release|Any CPU.ActiveCfg = Release|Any CPU
		{286E2450-EC44-4F88-8B28-D2E06158D1AF}.Release|Any CPU.Build.0 = Release|Any CPU
	EndGlobalSection
	GlobalSection(SolutionProperties) = preSolution
		HideSolutionNode = FALSE
	EndGlobalSection
	GlobalSection(ExtensibilityGlobals) = postSolution
		SolutionGuid = {0CA4BC40-197D-4CDB-A597-6288913F0B33}
	EndGlobalSection
EndGlobal
